
Microsoft Visual Studio Solution File, Format Version 12.00
# Visual Studio 14
VisualStudioVersion = 14.0.22823.1
MinimumVisualStudioVersion = 10.0.40219.1
Project("{FAE04EC0-301F-11D3-BF4B-00C04F79EFBC}") = "POS.Web", "POS.Web\POS.Web.csproj", "{23C29FA7-3179-49C7-A8E1-EB358DF88A64}"
EndProject
Project("{FAE04EC0-301F-11D3-BF4B-00C04F79EFBC}") = "POS.DataLayer", "POS.DataLayer\POS.DataLayer.csproj", "{98F0110C-D96E-47A0-B270-67C8D35F9526}"
EndProject
Project("{FAE04EC0-301F-11D3-BF4B-00C04F79EFBC}") = "POS.Model", "POS.Model\POS.Model.csproj", "{68569E85-B394-4043-BCAB-7FBE845396D0}"
EndProject
Global
	GlobalSection(SolutionConfigurationPlatforms) = preSolution
		Debug|Any CPU = Debug|Any CPU
		Release|Any CPU = Release|Any CPU
	EndGlobalSection
	GlobalSection(ProjectConfigurationPlatforms) = postSolution
		{23C29FA7-3179-49C7-A8E1-EB358DF88A64}.Debug|Any CPU.ActiveCfg = Debug|Any CPU
		{23C29FA7-3179-49C7-A8E1-EB358DF88A64}.Debug|Any CPU.Build.0 = Debug|Any CPU
		{23C29FA7-3179-49C7-A8E1-EB358DF88A64}.Release|Any CPU.ActiveCfg = Release|Any CPU
		{23C29FA7-3179-49C7-A8E1-EB358DF88A64}.Release|Any CPU.Build.0 = Release|Any CPU
		{98F0110C-D96E-47A0-B270-67C8D35F9526}.Debug|Any CPU.ActiveCfg = Debug|Any CPU
		{98F0110C-D96E-47A0-B270-67C8D35F9526}.Debug|Any CPU.Build.0 = Debug|Any CPU
		{98F0110C-D96E-47A0-B270-67C8D35F9526}.Release|Any CPU.ActiveCfg = Release|Any CPU
		{98F0110C-D96E-47A0-B270-67C8D35F9526}.Release|Any CPU.Build.0 = Release|Any CPU
		{68569E85-B394-4043-BCAB-7FBE845396D0}.Debug|Any CPU.ActiveCfg = Debug|Any CPU
		{68569E85-B394-4043-BCAB-7FBE845396D0}.Debug|Any CPU.Build.0 = Debug|Any CPU
		{68569E85-B394-4043-BCAB-7FBE845396D0}.Release|Any CPU.ActiveCfg = Release|Any CPU
		{68569E85-B394-4043-BCAB-7FBE845396D0}.Release|Any CPU.Build.0 = Release|Any CPU
	EndGlobalSection
	GlobalSection(SolutionProperties) = preSolution
		HideSolutionNode = FALSE
	EndGlobalSection
	GlobalSection(TeamFoundationVersionControl) = preSolution
		SccNumberOfProjects = 4
		SccEnterpriseProvider = {4CA58AB2-18FA-4F8D-95D4-32DDF27D184C}
		SccTeamFoundationServer = https://antonioacosta.visualstudio.com/defaultcollection
		SccLocalPath0 = .
		SccProjectUniqueName1 = POS.DataLayer\\POS.DataLayer.csproj
		SccProjectName1 = POS.DataLayer
		SccLocalPath1 = POS.DataLayer
		SccProjectUniqueName2 = POS.Model\\POS.Model.csproj
		SccProjectName2 = POS.Model
		SccLocalPath2 = POS.Model
		SccProjectUniqueName3 = POS.Web\\POS.Web.csproj
		SccProjectName3 = POS.Web
		SccLocalPath3 = POS.Web
	EndGlobalSection
EndGlobal
